
Microsoft Visual Studio Solution File, Format Version 12.00
# Visual Studio Version 16
VisualStudioVersion = 16.0.31729.503
MinimumVisualStudioVersion = 10.0.40219.1
Project("{8BC9CEB8-8B4A-11D0-8D11-00A0C91BC942}") = "MString", "MString.vcxproj", "{C514B455-EBBF-4F00-AED5-0EE1274640EB}"
EndProject
Global
	GlobalSection(SolutionConfigurationPlatforms) = preSolution
		Debug|x64 = Debug|x64
		Debug|x86 = Debug|x86
		Release|x64 = Release|x64
		Release|x86 = Release|x86
	EndGlobalSection
	GlobalSection(ProjectConfigurationPlatforms) = postSolution
		{C514B455-EBBF-4F00-AED5-0EE1274640EB}.Debug|x64.ActiveCfg = Debug|x64
		{C514B455-EBBF-4F00-AED5-0EE1274640EB}.Debug|x64.Build.0 = Debug|x64
		{C514B455-EBBF-4F00-AED5-0EE1274640EB}.Debug|x86.ActiveCfg = Debug|Win32
		{C514B455-EBBF-4F00-AED5-0EE1274640EB}.Debug|x86.Build.0 = Debug|Win32
		{C514B455-EBBF-4F00-AED5-0EE1274640EB}.Release|x64.ActiveCfg = Release|x64
		{C514B455-EBBF-4F00-AED5-0EE1274640EB}.Release|x64.Build.0 = Release|x64
		{C514B455-EBBF-4F00-AED5-0EE1274640EB}.Release|x86.ActiveCfg = Release|Win32
		{C514B455-EBBF-4F00-AED5-0EE1274640EB}.Release|x86.Build.0 = Release|Win32
	EndGlobalSection
	GlobalSection(SolutionProperties) = preSolution
		HideSolutionNode = FALSE
	EndGlobalSection
	GlobalSection(ExtensibilityGlobals) = postSolution
		SolutionGuid = {7ACEEBBF-1634-4049-A998-3578246444A9}
	EndGlobalSection
EndGlobal
